
Microsoft Visual Studio Solution File, Format Version 12.00
# Visual Studio 15
VisualStudioVersion = 15.0.27428.2037
MinimumVisualStudioVersion = 10.0.40219.1
Project("{FAE04EC0-301F-11D3-BF4B-00C04F79EFBC}") = "mqttadmin.Android", "mqttadmin\mqttadmin.Android\mqttadmin.Android.csproj", "{77CB57C3-9F1B-4329-85AA-C12F61BAF11A}"
EndProject
Project("{FAE04EC0-301F-11D3-BF4B-00C04F79EFBC}") = "mqttadmin.iOS", "mqttadmin\mqttadmin.iOS\mqttadmin.iOS.csproj", "{FAA53F3B-C61E-4FFD-B0E4-DF9571A27EDC}"
EndProject
Project("{FAE04EC0-301F-11D3-BF4B-00C04F79EFBC}") = "mqttadmin.UWP", "mqttadmin\mqttadmin.UWP\mqttadmin.UWP.csproj", "{FB45C6D7-13C0-4D55-82E8-EF4C37C397B1}"
EndProject
Project("{FAE04EC0-301F-11D3-BF4B-00C04F79EFBC}") = "mqttadmin", "mqttadmin\mqttadmin\mqttadmin.csproj", "{66706888-650A-488B-9AEA-DA73EF5080FF}"
EndProject
Global
	GlobalSection(SolutionConfigurationPlatforms) = preSolution
		Ad-Hoc|Any CPU = Ad-Hoc|Any CPU
		Ad-Hoc|ARM = Ad-Hoc|ARM
		Ad-Hoc|iPhone = Ad-Hoc|iPhone
		Ad-Hoc|iPhoneSimulator = Ad-Hoc|iPhoneSimulator
		Ad-Hoc|x64 = Ad-Hoc|x64
		Ad-Hoc|x86 = Ad-Hoc|x86
		AppStore|Any CPU = AppStore|Any CPU
		AppStore|ARM = AppStore|ARM
		AppStore|iPhone = AppStore|iPhone
		AppStore|iPhoneSimulator = AppStore|iPhoneSimulator
		AppStore|x64 = AppStore|x64
		AppStore|x86 = AppStore|x86
		Debug|Any CPU = Debug|Any CPU
		Debug|ARM = Debug|ARM
		Debug|iPhone = Debug|iPhone
		Debug|iPhoneSimulator = Debug|iPhoneSimulator
		Debug|x64 = Debug|x64
		Debug|x86 = Debug|x86
		Release|Any CPU = Release|Any CPU
		Release|ARM = Release|ARM
		Release|iPhone = Release|iPhone
		Release|iPhoneSimulator = Release|iPhoneSimulator
		Release|x64 = Release|x64
		Release|x86 = Release|x86
	EndGlobalSection
	GlobalSection(ProjectConfigurationPlatforms) = postSolution
		{77CB57C3-9F1B-4329-85AA-C12F61BAF11A}.Ad-Hoc|Any CPU.ActiveCfg = Release|Any CPU
		{77CB57C3-9F1B-4329-85AA-C12F61BAF11A}.Ad-Hoc|Any CPU.Build.0 = Release|Any CPU
		{77CB57C3-9F1B-4329-85AA-C12F61BAF11A}.Ad-Hoc|Any CPU.Deploy.0 = Release|Any CPU
		{77CB57C3-9F1B-4329-85AA-C12F61BAF11A}.Ad-Hoc|ARM.ActiveCfg = Release|Any CPU
		{77CB57C3-9F1B-4329-85AA-C12F61BAF11A}.Ad-Hoc|ARM.Build.0 = Release|Any CPU
		{77CB57C3-9F1B-4329-85AA-C12F61BAF11A}.Ad-Hoc|ARM.Deploy.0 = Release|Any CPU
		{77CB57C3-9F1B-4329-85AA-C12F61BAF11A}.Ad-Hoc|iPhone.ActiveCfg = Release|Any CPU
		{77CB57C3-9F1B-4329-85AA-C12F61BAF11A}.Ad-Hoc|iPhone.Build.0 = Release|Any CPU
		{77CB57C3-9F1B-4329-85AA-C12F61BAF11A}.Ad-Hoc|iPhone.Deploy.0 = Release|Any CPU
		{77CB57C3-9F1B-4329-85AA-C12F61BAF11A}.Ad-Hoc|iPhoneSimulator.ActiveCfg = Release|Any CPU
		{77CB57C3-9F1B-4329-85AA-C12F61BAF11A}.Ad-Hoc|iPhoneSimulator.Build.0 = Release|Any CPU
		{77CB57C3-9F1B-4329-85AA-C12F61BAF11A}.Ad-Hoc|iPhoneSimulator.Deploy.0 = Release|Any CPU
		{77CB57C3-9F1B-4329-85AA-C12F61BAF11A}.Ad-Hoc|x64.ActiveCfg = Release|Any CPU
		{77CB57C3-9F1B-4329-85AA-C12F61BAF11A}.Ad-Hoc|x64.Build.0 = Release|Any CPU
		{77CB57C3-9F1B-4329-85AA-C12F61BAF11A}.Ad-Hoc|x64.Deploy.0 = Release|Any CPU
		{77CB57C3-9F1B-4329-85AA-C12F61BAF11A}.Ad-Hoc|x86.ActiveCfg = Release|Any CPU
		{77CB57C3-9F1B-4329-85AA-C12F61BAF11A}.Ad-Hoc|x86.Build.0 = Release|Any CPU
		{77CB57C3-9F1B-4329-85AA-C12F61BAF11A}.Ad-Hoc|x86.Deploy.0 = Release|Any CPU
		{77CB57C3-9F1B-4329-85AA-C12F61BAF11A}.AppStore|Any CPU.ActiveCfg = Release|Any CPU
		{77CB57C3-9F1B-4329-85AA-C12F61BAF11A}.AppStore|Any CPU.Build.0 = Release|Any CPU
		{77CB57C3-9F1B-4329-85AA-C12F61BAF11A}.AppStore|Any CPU.Deploy.0 = Release|Any CPU
		{77CB57C3-9F1B-4329-85AA-C12F61BAF11A}.AppStore|ARM.ActiveCfg = Release|Any CPU
		{77CB57C3-9F1B-4329-85AA-C12F61BAF11A}.AppStore|ARM.Build.0 = Release|Any CPU
		{77CB57C3-9F1B-4329-85AA-C12F61BAF11A}.AppStore|ARM.Deploy.0 = Release|Any CPU
		{77CB57C3-9F1B-4329-85AA-C12F61BAF11A}.AppStore|iPhone.ActiveCfg = Release|Any CPU
		{77CB57C3-9F1B-4329-85AA-C12F61BAF11A}.AppStore|iPhone.Build.0 = Release|Any CPU
		{77CB57C3-9F1B-4329-85AA-C12F61BAF11A}.AppStore|iPhone.Deploy.0 = Release|Any CPU
		{77CB57C3-9F1B-4329-85AA-C12F61BAF11A}.AppStore|iPhoneSimulator.ActiveCfg = Release|Any CPU
		{77CB57C3-9F1B-4329-85AA-C12F61BAF11A}.AppStore|iPhoneSimulator.Build.0 = Release|Any CPU
		{77CB57C3-9F1B-4329-85AA-C12F61BAF11A}.AppStore|iPhoneSimulator.Deploy.0 = Release|Any CPU
		{77CB57C3-9F1B-4329-85AA-C12F61BAF11A}.AppStore|x64.ActiveCfg = Release|Any CPU
		{77CB57C3-9F1B-4329-85AA-C12F61BAF11A}.AppStore|x64.Build.0 = Release|Any CPU
		{77CB57C3-9F1B-4329-85AA-C12F61BAF11A}.AppStore|x64.Deploy.0 = Release|Any CPU
		{77CB57C3-9F1B-4329-85AA-C12F61BAF11A}.AppStore|x86.ActiveCfg = Release|Any CPU
		{77CB57C3-9F1B-4329-85AA-C12F61BAF11A}.AppStore|x86.Build.0 = Release|Any CPU
		{77CB57C3-9F1B-4329-85AA-C12F61BAF11A}.AppStore|x86.Deploy.0 = Release|Any CPU
		{77CB57C3-9F1B-4329-85AA-C12F61BAF11A}.Debug|Any CPU.ActiveCfg = Debug|Any CPU
		{77CB57C3-9F1B-4329-85AA-C12F61BAF11A}.Debug|Any CPU.Build.0 = Debug|Any CPU
		{77CB57C3-9F1B-4329-85AA-C12F61BAF11A}.Debug|Any CPU.Deploy.0 = Debug|Any CPU
		{77CB57C3-9F1B-4329-85AA-C12F61BAF11A}.Debug|ARM.ActiveCfg = Debug|Any CPU
		{77CB57C3-9F1B-4329-85AA-C12F61BAF11A}.Debug|ARM.Build.0 = Debug|Any CPU
		{77CB57C3-9F1B-4329-85AA-C12F61BAF11A}.Debug|ARM.Deploy.0 = Debug|Any CPU
		{77CB57C3-9F1B-4329-85AA-C12F61BAF11A}.Debug|iPhone.ActiveCfg = Debug|Any CPU
		{77CB57C3-9F1B-4329-85AA-C12F61BAF11A}.Debug|iPhone.Build.0 = Debug|Any CPU
		{77CB57C3-9F1B-4329-85AA-C12F61BAF11A}.Debug|iPhone.Deploy.0 = Debug|Any CPU
		{77CB57C3-9F1B-4329-85AA-C12F61BAF11A}.Debug|iPhoneSimulator.ActiveCfg = Debug|Any CPU
		{77CB57C3-9F1B-4329-85AA-C12F61BAF11A}.Debug|iPhoneSimulator.Build.0 = Debug|Any CPU
		{77CB57C3-9F1B-4329-85AA-C12F61BAF11A}.Debug|iPhoneSimulator.Deploy.0 = Debug|Any CPU
		{77CB57C3-9F1B-4329-85AA-C12F61BAF11A}.Debug|x64.ActiveCfg = Debug|Any CPU
		{77CB57C3-9F1B-4329-85AA-C12F61BAF11A}.Debug|x64.Build.0 = Debug|Any CPU
		{77CB57C3-9F1B-4329-85AA-C12F61BAF11A}.Debug|x64.Deploy.0 = Debug|Any CPU
		{77CB57C3-9F1B-4329-85AA-C12F61BAF11A}.Debug|x86.ActiveCfg = Debug|Any CPU
		{77CB57C3-9F1B-4329-85AA-C12F61BAF11A}.Debug|x86.Build.0 = Debug|Any CPU
		{77CB57C3-9F1B-4329-85AA-C12F61BAF11A}.Debug|x86.Deploy.0 = Debug|Any CPU
		{77CB57C3-9F1B-4329-85AA-C12F61BAF11A}.Release|Any CPU.ActiveCfg = Release|Any CPU
		{77CB57C3-9F1B-4329-85AA-C12F61BAF11A}.Release|Any CPU.Build.0 = Release|Any CPU
		{77CB57C3-9F1B-4329-85AA-C12F61BAF11A}.Release|Any CPU.Deploy.0 = Release|Any CPU
		{77CB57C3-9F1B-4329-85AA-C12F61BAF11A}.Release|ARM.ActiveCfg = Release|Any CPU
		{77CB57C3-9F1B-4329-85AA-C12F61BAF11A}.Release|ARM.Build.0 = Release|Any CPU
		{77CB57C3-9F1B-4329-85AA-C12F61BAF11A}.Release|ARM.Deploy.0 = Release|Any CPU
		{77CB57C3-9F1B-4329-85AA-C12F61BAF11A}.Release|iPhone.ActiveCfg = Release|Any CPU
		{77CB57C3-9F1B-4329-85AA-C12F61BAF11A}.Release|iPhone.Build.0 = Release|Any CPU
		{77CB57C3-9F1B-4329-85AA-C12F61BAF11A}.Release|iPhone.Deploy.0 = Release|Any CPU
		{77CB57C3-9F1B-4329-85AA-C12F61BAF11A}.Release|iPhoneSimulator.ActiveCfg = Release|Any CPU
		{77CB57C3-9F1B-4329-85AA-C12F61BAF11A}.Release|iPhoneSimulator.Build.0 = Release|Any CPU
		{77CB57C3-9F1B-4329-85AA-C12F61BAF11A}.Release|iPhoneSimulator.Deploy.0 = Release|Any CPU
		{77CB57C3-9F1B-4329-85AA-C12F61BAF11A}.Release|x64.ActiveCfg = Release|Any CPU
		{77CB57C3-9F1B-4329-85AA-C12F61BAF11A}.Release|x64.Build.0 = Release|Any CPU
		{77CB57C3-9F1B-4329-85AA-C12F61BAF11A}.Release|x64.Deploy.0 = Release|Any CPU
		{77CB57C3-9F1B-4329-85AA-C12F61BAF11A}.Release|x86.ActiveCfg = Release|Any CPU
		{77CB57C3-9F1B-4329-85AA-C12F61BAF11A}.Release|x86.Build.0 = Release|Any CPU
		{77CB57C3-9F1B-4329-85AA-C12F61BAF11A}.Release|x86.Deploy.0 = Release|Any CPU
		{FAA53F3B-C61E-4FFD-B0E4-DF9571A27EDC}.Ad-Hoc|Any CPU.ActiveCfg = Ad-Hoc|iPhone
		{FAA53F3B-C61E-4FFD-B0E4-DF9571A27EDC}.Ad-Hoc|ARM.ActiveCfg = Ad-Hoc|iPhone
		{FAA53F3B-C61E-4FFD-B0E4-DF9571A27EDC}.Ad-Hoc|iPhone.ActiveCfg = Ad-Hoc|iPhone
		{FAA53F3B-C61E-4FFD-B0E4-DF9571A27EDC}.Ad-Hoc|iPhone.Build.0 = Ad-Hoc|iPhone
		{FAA53F3B-C61E-4FFD-B0E4-DF9571A27EDC}.Ad-Hoc|iPhoneSimulator.ActiveCfg = Ad-Hoc|iPhoneSimulator
		{FAA53F3B-C61E-4FFD-B0E4-DF9571A27EDC}.Ad-Hoc|iPhoneSimulator.Build.0 = Ad-Hoc|iPhoneSimulator
		{FAA53F3B-C61E-4FFD-B0E4-DF9571A27EDC}.Ad-Hoc|x64.ActiveCfg = Ad-Hoc|iPhone
		{FAA53F3B-C61E-4FFD-B0E4-DF9571A27EDC}.Ad-Hoc|x86.ActiveCfg = Ad-Hoc|iPhone
		{FAA53F3B-C61E-4FFD-B0E4-DF9571A27EDC}.AppStore|Any CPU.ActiveCfg = AppStore|iPhone
		{FAA53F3B-C61E-4FFD-B0E4-DF9571A27EDC}.AppStore|ARM.ActiveCfg = AppStore|iPhone
		{FAA53F3B-C61E-4FFD-B0E4-DF9571A27EDC}.AppStore|iPhone.ActiveCfg = AppStore|iPhone
		{FAA53F3B-C61E-4FFD-B0E4-DF9571A27EDC}.AppStore|iPhone.Build.0 = AppStore|iPhone
		{FAA53F3B-C61E-4FFD-B0E4-DF9571A27EDC}.AppStore|iPhoneSimulator.ActiveCfg = AppStore|iPhoneSimulator
		{FAA53F3B-C61E-4FFD-B0E4-DF9571A27EDC}.AppStore|iPhoneSimulator.Build.0 = AppStore|iPhoneSimulator
		{FAA53F3B-C61E-4FFD-B0E4-DF9571A27EDC}.AppStore|x64.ActiveCfg = AppStore|iPhone
		{FAA53F3B-C61E-4FFD-B0E4-DF9571A27EDC}.AppStore|x86.ActiveCfg = AppStore|iPhone
		{FAA53F3B-C61E-4FFD-B0E4-DF9571A27EDC}.Debug|Any CPU.ActiveCfg = Debug|iPhone
		{FAA53F3B-C61E-4FFD-B0E4-DF9571A27EDC}.Debug|ARM.ActiveCfg = Debug|iPhone
		{FAA53F3B-C61E-4FFD-B0E4-DF9571A27EDC}.Debug|iPhone.ActiveCfg = Debug|iPhone
		{FAA53F3B-C61E-4FFD-B0E4-DF9571A27EDC}.Debug|iPhone.Build.0 = Debug|iPhone
		{FAA53F3B-C61E-4FFD-B0E4-DF9571A27EDC}.Debug|iPhoneSimulator.ActiveCfg = Debug|iPhoneSimulator
		{FAA53F3B-C61E-4FFD-B0E4-DF9571A27EDC}.Debug|iPhoneSimulator.Build.0 = Debug|iPhoneSimulator
		{FAA53F3B-C61E-4FFD-B0E4-DF9571A27EDC}.Debug|x64.ActiveCfg = Debug|iPhone
		{FAA53F3B-C61E-4FFD-B0E4-DF9571A27EDC}.Debug|x86.ActiveCfg = Debug|iPhone
		{FAA53F3B-C61E-4FFD-B0E4-DF9571A27EDC}.Release|Any CPU.ActiveCfg = Release|iPhone
		{FAA53F3B-C61E-4FFD-B0E4-DF9571A27EDC}.Release|ARM.ActiveCfg = Release|iPhone
		{FAA53F3B-C61E-4FFD-B0E4-DF9571A27EDC}.Release|iPhone.ActiveCfg = Release|iPhone
		{FAA53F3B-C61E-4FFD-B0E4-DF9571A27EDC}.Release|iPhone.Build.0 = Release|iPhone
		{FAA53F3B-C61E-4FFD-B0E4-DF9571A27EDC}.Release|iPhoneSimulator.ActiveCfg = Release|iPhoneSimulator
		{FAA53F3B-C61E-4FFD-B0E4-DF9571A27EDC}.Release|iPhoneSimulator.Build.0 = Release|iPhoneSimulator
		{FAA53F3B-C61E-4FFD-B0E4-DF9571A27EDC}.Release|x64.ActiveCfg = Release|iPhone
		{FAA53F3B-C61E-4FFD-B0E4-DF9571A27EDC}.Release|x86.ActiveCfg = Release|iPhone
		{FB45C6D7-13C0-4D55-82E8-EF4C37C397B1}.Ad-Hoc|Any CPU.ActiveCfg = Release|x86
		{FB45C6D7-13C0-4D55-82E8-EF4C37C397B1}.Ad-Hoc|Any CPU.Build.0 = Release|x86
		{FB45C6D7-13C0-4D55-82E8-EF4C37C397B1}.Ad-Hoc|Any CPU.Deploy.0 = Release|x86
		{FB45C6D7-13C0-4D55-82E8-EF4C37C397B1}.Ad-Hoc|ARM.ActiveCfg = Release|ARM
		{FB45C6D7-13C0-4D55-82E8-EF4C37C397B1}.Ad-Hoc|ARM.Build.0 = Release|ARM
		{FB45C6D7-13C0-4D55-82E8-EF4C37C397B1}.Ad-Hoc|ARM.Deploy.0 = Release|ARM
		{FB45C6D7-13C0-4D55-82E8-EF4C37C397B1}.Ad-Hoc|iPhone.ActiveCfg = Release|x86
		{FB45C6D7-13C0-4D55-82E8-EF4C37C397B1}.Ad-Hoc|iPhone.Build.0 = Release|x86
		{FB45C6D7-13C0-4D55-82E8-EF4C37C397B1}.Ad-Hoc|iPhone.Deploy.0 = Release|x86
		{FB45C6D7-13C0-4D55-82E8-EF4C37C397B1}.Ad-Hoc|iPhoneSimulator.ActiveCfg = Release|x86
		{FB45C6D7-13C0-4D55-82E8-EF4C37C397B1}.Ad-Hoc|iPhoneSimulator.Build.0 = Release|x86
		{FB45C6D7-13C0-4D55-82E8-EF4C37C397B1}.Ad-Hoc|iPhoneSimulator.Deploy.0 = Release|x86
		{FB45C6D7-13C0-4D55-82E8-EF4C37C397B1}.Ad-Hoc|x64.ActiveCfg = Release|x64
		{FB45C6D7-13C0-4D55-82E8-EF4C37C397B1}.Ad-Hoc|x64.Build.0 = Release|x64
		{FB45C6D7-13C0-4D55-82E8-EF4C37C397B1}.Ad-Hoc|x64.Deploy.0 = Release|x64
		{FB45C6D7-13C0-4D55-82E8-EF4C37C397B1}.Ad-Hoc|x86.ActiveCfg = Release|x86
		{FB45C6D7-13C0-4D55-82E8-EF4C37C397B1}.Ad-Hoc|x86.Build.0 = Release|x86
		{FB45C6D7-13C0-4D55-82E8-EF4C37C397B1}.Ad-Hoc|x86.Deploy.0 = Release|x86
		{FB45C6D7-13C0-4D55-82E8-EF4C37C397B1}.AppStore|Any CPU.ActiveCfg = Release|x86
		{FB45C6D7-13C0-4D55-82E8-EF4C37C397B1}.AppStore|Any CPU.Build.0 = Release|x86
		{FB45C6D7-13C0-4D55-82E8-EF4C37C397B1}.AppStore|Any CPU.Deploy.0 = Release|x86
		{FB45C6D7-13C0-4D55-82E8-EF4C37C397B1}.AppStore|ARM.ActiveCfg = Release|ARM
		{FB45C6D7-13C0-4D55-82E8-EF4C37C397B1}.AppStore|ARM.Build.0 = Release|ARM
		{FB45C6D7-13C0-4D55-82E8-EF4C37C397B1}.AppStore|ARM.Deploy.0 = Release|ARM
		{FB45C6D7-13C0-4D55-82E8-EF4C37C397B1}.AppStore|iPhone.ActiveCfg = Release|x86
		{FB45C6D7-13C0-4D55-82E8-EF4C37C397B1}.AppStore|iPhone.Build.0 = Release|x86
		{FB45C6D7-13C0-4D55-82E8-EF4C37C397B1}.AppStore|iPhone.Deploy.0 = Release|x86
		{FB45C6D7-13C0-4D55-82E8-EF4C37C397B1}.AppStore|iPhoneSimulator.ActiveCfg = Release|x86
		{FB45C6D7-13C0-4D55-82E8-EF4C37C397B1}.AppStore|iPhoneSimulator.Build.0 = Release|x86
		{FB45C6D7-13C0-4D55-82E8-EF4C37C397B1}.AppStore|iPhoneSimulator.Deploy.0 = Release|x86
		{FB45C6D7-13C0-4D55-82E8-EF4C37C397B1}.AppStore|x64.ActiveCfg = Release|x64
		{FB45C6D7-13C0-4D55-82E8-EF4C37C397B1}.AppStore|x64.Build.0 = Release|x64
		{FB45C6D7-13C0-4D55-82E8-EF4C37C397B1}.AppStore|x64.Deploy.0 = Release|x64
		{FB45C6D7-13C0-4D55-82E8-EF4C37C397B1}.AppStore|x86.ActiveCfg = Release|x86
		{FB45C6D7-13C0-4D55-82E8-EF4C37C397B1}.AppStore|x86.Build.0 = Release|x86
		{FB45C6D7-13C0-4D55-82E8-EF4C37C397B1}.AppStore|x86.Deploy.0 = Release|x86
		{FB45C6D7-13C0-4D55-82E8-EF4C37C397B1}.Debug|Any CPU.ActiveCfg = Debug|x86
		{FB45C6D7-13C0-4D55-82E8-EF4C37C397B1}.Debug|ARM.ActiveCfg = Debug|ARM
		{FB45C6D7-13C0-4D55-82E8-EF4C37C397B1}.Debug|ARM.Build.0 = Debug|ARM
		{FB45C6D7-13C0-4D55-82E8-EF4C37C397B1}.Debug|ARM.Deploy.0 = Debug|ARM
		{FB45C6D7-13C0-4D55-82E8-EF4C37C397B1}.Debug|iPhone.ActiveCfg = Debug|x86
		{FB45C6D7-13C0-4D55-82E8-EF4C37C397B1}.Debug|iPhoneSimulator.ActiveCfg = Debug|x86
		{FB45C6D7-13C0-4D55-82E8-EF4C37C397B1}.Debug|x64.ActiveCfg = Debug|x64
		{FB45C6D7-13C0-4D55-82E8-EF4C37C397B1}.Debug|x64.Build.0 = Debug|x64
		{FB45C6D7-13C0-4D55-82E8-EF4C37C397B1}.Debug|x64.Deploy.0 = Debug|x64
		{FB45C6D7-13C0-4D55-82E8-EF4C37C397B1}.Debug|x86.ActiveCfg = Debug|x86
		{FB45C6D7-13C0-4D55-82E8-EF4C37C397B1}.Debug|x86.Build.0 = Debug|x86
		{FB45C6D7-13C0-4D55-82E8-EF4C37C397B1}.Debug|x86.Deploy.0 = Debug|x86
		{FB45C6D7-13C0-4D55-82E8-EF4C37C397B1}.Release|Any CPU.ActiveCfg = Release|x86
		{FB45C6D7-13C0-4D55-82E8-EF4C37C397B1}.Release|ARM.ActiveCfg = Release|ARM
		{FB45C6D7-13C0-4D55-82E8-EF4C37C397B1}.Release|ARM.Build.0 = Release|ARM
		{FB45C6D7-13C0-4D55-82E8-EF4C37C397B1}.Release|ARM.Deploy.0 = Release|ARM
		{FB45C6D7-13C0-4D55-82E8-EF4C37C397B1}.Release|iPhone.ActiveCfg = Release|x86
		{FB45C6D7-13C0-4D55-82E8-EF4C37C397B1}.Release|iPhoneSimulator.ActiveCfg = Release|x86
		{FB45C6D7-13C0-4D55-82E8-EF4C37C397B1}.Release|x64.ActiveCfg = Release|x64
		{FB45C6D7-13C0-4D55-82E8-EF4C37C397B1}.Release|x64.Build.0 = Release|x64
		{FB45C6D7-13C0-4D55-82E8-EF4C37C397B1}.Release|x64.Deploy.0 = Release|x64
		{FB45C6D7-13C0-4D55-82E8-EF4C37C397B1}.Release|x86.ActiveCfg = Release|x86
		{FB45C6D7-13C0-4D55-82E8-EF4C37C397B1}.Release|x86.Build.0 = Release|x86
		{FB45C6D7-13C0-4D55-82E8-EF4C37C397B1}.Release|x86.Deploy.0 = Release|x86
		{66706888-650A-488B-9AEA-DA73EF5080FF}.Ad-Hoc|Any CPU.ActiveCfg = Debug|Any CPU
		{66706888-650A-488B-9AEA-DA73EF5080FF}.Ad-Hoc|Any CPU.Build.0 = Debug|Any CPU
		{66706888-650A-488B-9AEA-DA73EF5080FF}.Ad-Hoc|ARM.ActiveCfg = Debug|Any CPU
		{66706888-650A-488B-9AEA-DA73EF5080FF}.Ad-Hoc|ARM.Build.0 = Debug|Any CPU
		{66706888-650A-488B-9AEA-DA73EF5080FF}.Ad-Hoc|iPhone.ActiveCfg = Debug|Any CPU
		{66706888-650A-488B-9AEA-DA73EF5080FF}.Ad-Hoc|iPhone.Build.0 = Debug|Any CPU
		{66706888-650A-488B-9AEA-DA73EF5080FF}.Ad-Hoc|iPhoneSimulator.ActiveCfg = Debug|Any CPU
		{66706888-650A-488B-9AEA-DA73EF5080FF}.Ad-Hoc|iPhoneSimulator.Build.0 = Debug|Any CPU
		{66706888-650A-488B-9AEA-DA73EF5080FF}.Ad-Hoc|x64.ActiveCfg = Debug|Any CPU
		{66706888-650A-488B-9AEA-DA73EF5080FF}.Ad-Hoc|x64.Build.0 = Debug|Any CPU
		{66706888-650A-488B-9AEA-DA73EF5080FF}.Ad-Hoc|x86.ActiveCfg = Debug|Any CPU
		{66706888-650A-488B-9AEA-DA73EF5080FF}.Ad-Hoc|x86.Build.0 = Debug|Any CPU
		{66706888-650A-488B-9AEA-DA73EF5080FF}.AppStore|Any CPU.ActiveCfg = Debug|Any CPU
		{66706888-650A-488B-9AEA-DA73EF5080FF}.AppStore|Any CPU.Build.0 = Debug|Any CPU
		{66706888-650A-488B-9AEA-DA73EF5080FF}.AppStore|ARM.ActiveCfg = Debug|Any CPU
		{66706888-650A-488B-9AEA-DA73EF5080FF}.AppStore|ARM.Build.0 = Debug|Any CPU
		{66706888-650A-488B-9AEA-DA73EF5080FF}.AppStore|iPhone.ActiveCfg = Debug|Any CPU
		{66706888-650A-488B-9AEA-DA73EF5080FF}.AppStore|iPhone.Build.0 = Debug|Any CPU
		{66706888-650A-488B-9AEA-DA73EF5080FF}.AppStore|iPhoneSimulator.ActiveCfg = Debug|Any CPU
		{66706888-650A-488B-9AEA-DA73EF5080FF}.AppStore|iPhoneSimulator.Build.0 = Debug|Any CPU
		{66706888-650A-488B-9AEA-DA73EF5080FF}.AppStore|x64.ActiveCfg = Debug|Any CPU
		{66706888-650A-488B-9AEA-DA73EF5080FF}.AppStore|x64.Build.0 = Debug|Any CPU
		{66706888-650A-488B-9AEA-DA73EF5080FF}.AppStore|x86.ActiveCfg = Debug|Any CPU
		{66706888-650A-488B-9AEA-DA73EF5080FF}.AppStore|x86.Build.0 = Debug|Any CPU
		{66706888-650A-488B-9AEA-DA73EF5080FF}.Debug|Any CPU.ActiveCfg = Debug|Any CPU
		{66706888-650A-488B-9AEA-DA73EF5080FF}.Debug|Any CPU.Build.0 = Debug|Any CPU
		{66706888-650A-488B-9AEA-DA73EF5080FF}.Debug|ARM.ActiveCfg = Debug|Any CPU
		{66706888-650A-488B-9AEA-DA73EF5080FF}.Debug|ARM.Build.0 = Debug|Any CPU
		{66706888-650A-488B-9AEA-DA73EF5080FF}.Debug|iPhone.ActiveCfg = Debug|Any CPU
		{66706888-650A-488B-9AEA-DA73EF5080FF}.Debug|iPhone.Build.0 = Debug|Any CPU
		{66706888-650A-488B-9AEA-DA73EF5080FF}.Debug|iPhoneSimulator.ActiveCfg = Debug|Any CPU
		{66706888-650A-488B-9AEA-DA73EF5080FF}.Debug|iPhoneSimulator.Build.0 = Debug|Any CPU
		{66706888-650A-488B-9AEA-DA73EF5080FF}.Debug|x64.ActiveCfg = Debug|Any CPU
		{66706888-650A-488B-9AEA-DA73EF5080FF}.Debug|x64.Build.0 = Debug|Any CPU
		{66706888-650A-488B-9AEA-DA73EF5080FF}.Debug|x86.ActiveCfg = Debug|Any CPU
		{66706888-650A-488B-9AEA-DA73EF5080FF}.Debug|x86.Build.0 = Debug|Any CPU
		{66706888-650A-488B-9AEA-DA73EF5080FF}.Release|Any CPU.ActiveCfg = Release|Any CPU
		{66706888-650A-488B-9AEA-DA73EF5080FF}.Release|Any CPU.Build.0 = Release|Any CPU
		{66706888-650A-488B-9AEA-DA73EF5080FF}.Release|ARM.ActiveCfg = Release|Any CPU
		{66706888-650A-488B-9AEA-DA73EF5080FF}.Release|ARM.Build.0 = Release|Any CPU
		{66706888-650A-488B-9AEA-DA73EF5080FF}.Release|iPhone.ActiveCfg = Release|Any CPU
		{66706888-650A-488B-9AEA-DA73EF5080FF}.Release|iPhone.Build.0 = Release|Any CPU
		{66706888-650A-488B-9AEA-DA73EF5080FF}.Release|iPhoneSimulator.ActiveCfg = Release|Any CPU
		{66706888-650A-488B-9AEA-DA73EF5080FF}.Release|iPhoneSimulator.Build.0 = Release|Any CPU
		{66706888-650A-488B-9AEA-DA73EF5080FF}.Release|x64.ActiveCfg = Release|Any CPU
		{66706888-650A-488B-9AEA-DA73EF5080FF}.Release|x64.Build.0 = Release|Any CPU
		{66706888-650A-488B-9AEA-DA73EF5080FF}.Release|x86.ActiveCfg = Release|Any CPU
		{66706888-650A-488B-9AEA-DA73EF5080FF}.Release|x86.Build.0 = Release|Any CPU
	EndGlobalSection
	GlobalSection(SolutionProperties) = preSolution
		HideSolutionNode = FALSE
	EndGlobalSection
	GlobalSection(ExtensibilityGlobals) = postSolution
		SolutionGuid = {9814DB8D-B1CA-406C-B29B-4C50763D8A98}
	EndGlobalSection
EndGlobal
