
Microsoft Visual Studio Solution File, Format Version 12.00
# Visual Studio 15
VisualStudioVersion = 15.0.27428.2037
MinimumVisualStudioVersion = 10.0.40219.1
Project("{FAE04EC0-301F-11D3-BF4B-00C04F79EFBC}") = "mqttadmin.Android", "mqttadmin\mqttadmin.Android\mqttadmin.Android.csproj", "{E0CB80F9-5BB6-406B-88D0-E9D30FDB8843}"
EndProject
Project("{FAE04EC0-301F-11D3-BF4B-00C04F79EFBC}") = "mqttadmin.iOS", "mqttadmin\mqttadmin.iOS\mqttadmin.iOS.csproj", "{BCA6D985-9837-4A40-9DAA-978CF7F8CF28}"
EndProject
Project("{FAE04EC0-301F-11D3-BF4B-00C04F79EFBC}") = "mqttadmin.UWP", "mqttadmin\mqttadmin.UWP\mqttadmin.UWP.csproj", "{F710CF3E-698B-4CFB-A86F-13F0EB3485EA}"
EndProject
Project("{FAE04EC0-301F-11D3-BF4B-00C04F79EFBC}") = "mqttadmin", "mqttadmin\mqttadmin\mqttadmin.csproj", "{BAD2159C-9F98-4D35-9627-B4D7996748E9}"
EndProject
Global
	GlobalSection(SolutionConfigurationPlatforms) = preSolution
		Ad-Hoc|Any CPU = Ad-Hoc|Any CPU
		Ad-Hoc|ARM = Ad-Hoc|ARM
		Ad-Hoc|iPhone = Ad-Hoc|iPhone
		Ad-Hoc|iPhoneSimulator = Ad-Hoc|iPhoneSimulator
		Ad-Hoc|x64 = Ad-Hoc|x64
		Ad-Hoc|x86 = Ad-Hoc|x86
		AppStore|Any CPU = AppStore|Any CPU
		AppStore|ARM = AppStore|ARM
		AppStore|iPhone = AppStore|iPhone
		AppStore|iPhoneSimulator = AppStore|iPhoneSimulator
		AppStore|x64 = AppStore|x64
		AppStore|x86 = AppStore|x86
		Debug|Any CPU = Debug|Any CPU
		Debug|ARM = Debug|ARM
		Debug|iPhone = Debug|iPhone
		Debug|iPhoneSimulator = Debug|iPhoneSimulator
		Debug|x64 = Debug|x64
		Debug|x86 = Debug|x86
		Release|Any CPU = Release|Any CPU
		Release|ARM = Release|ARM
		Release|iPhone = Release|iPhone
		Release|iPhoneSimulator = Release|iPhoneSimulator
		Release|x64 = Release|x64
		Release|x86 = Release|x86
	EndGlobalSection
	GlobalSection(ProjectConfigurationPlatforms) = postSolution
		{E0CB80F9-5BB6-406B-88D0-E9D30FDB8843}.Ad-Hoc|Any CPU.ActiveCfg = Release|Any CPU
		{E0CB80F9-5BB6-406B-88D0-E9D30FDB8843}.Ad-Hoc|Any CPU.Build.0 = Release|Any CPU
		{E0CB80F9-5BB6-406B-88D0-E9D30FDB8843}.Ad-Hoc|Any CPU.Deploy.0 = Release|Any CPU
		{E0CB80F9-5BB6-406B-88D0-E9D30FDB8843}.Ad-Hoc|ARM.ActiveCfg = Release|Any CPU
		{E0CB80F9-5BB6-406B-88D0-E9D30FDB8843}.Ad-Hoc|ARM.Build.0 = Release|Any CPU
		{E0CB80F9-5BB6-406B-88D0-E9D30FDB8843}.Ad-Hoc|ARM.Deploy.0 = Release|Any CPU
		{E0CB80F9-5BB6-406B-88D0-E9D30FDB8843}.Ad-Hoc|iPhone.ActiveCfg = Release|Any CPU
		{E0CB80F9-5BB6-406B-88D0-E9D30FDB8843}.Ad-Hoc|iPhone.Build.0 = Release|Any CPU
		{E0CB80F9-5BB6-406B-88D0-E9D30FDB8843}.Ad-Hoc|iPhone.Deploy.0 = Release|Any CPU
		{E0CB80F9-5BB6-406B-88D0-E9D30FDB8843}.Ad-Hoc|iPhoneSimulator.ActiveCfg = Release|Any CPU
		{E0CB80F9-5BB6-406B-88D0-E9D30FDB8843}.Ad-Hoc|iPhoneSimulator.Build.0 = Release|Any CPU
		{E0CB80F9-5BB6-406B-88D0-E9D30FDB8843}.Ad-Hoc|iPhoneSimulator.Deploy.0 = Release|Any CPU
		{E0CB80F9-5BB6-406B-88D0-E9D30FDB8843}.Ad-Hoc|x64.ActiveCfg = Release|Any CPU
		{E0CB80F9-5BB6-406B-88D0-E9D30FDB8843}.Ad-Hoc|x64.Build.0 = Release|Any CPU
		{E0CB80F9-5BB6-406B-88D0-E9D30FDB8843}.Ad-Hoc|x64.Deploy.0 = Release|Any CPU
		{E0CB80F9-5BB6-406B-88D0-E9D30FDB8843}.Ad-Hoc|x86.ActiveCfg = Release|Any CPU
		{E0CB80F9-5BB6-406B-88D0-E9D30FDB8843}.Ad-Hoc|x86.Build.0 = Release|Any CPU
		{E0CB80F9-5BB6-406B-88D0-E9D30FDB8843}.Ad-Hoc|x86.Deploy.0 = Release|Any CPU
		{E0CB80F9-5BB6-406B-88D0-E9D30FDB8843}.AppStore|Any CPU.ActiveCfg = Release|Any CPU
		{E0CB80F9-5BB6-406B-88D0-E9D30FDB8843}.AppStore|Any CPU.Build.0 = Release|Any CPU
		{E0CB80F9-5BB6-406B-88D0-E9D30FDB8843}.AppStore|Any CPU.Deploy.0 = Release|Any CPU
		{E0CB80F9-5BB6-406B-88D0-E9D30FDB8843}.AppStore|ARM.ActiveCfg = Release|Any CPU
		{E0CB80F9-5BB6-406B-88D0-E9D30FDB8843}.AppStore|ARM.Build.0 = Release|Any CPU
		{E0CB80F9-5BB6-406B-88D0-E9D30FDB8843}.AppStore|ARM.Deploy.0 = Release|Any CPU
		{E0CB80F9-5BB6-406B-88D0-E9D30FDB8843}.AppStore|iPhone.ActiveCfg = Release|Any CPU
		{E0CB80F9-5BB6-406B-88D0-E9D30FDB8843}.AppStore|iPhone.Build.0 = Release|Any CPU
		{E0CB80F9-5BB6-406B-88D0-E9D30FDB8843}.AppStore|iPhone.Deploy.0 = Release|Any CPU
		{E0CB80F9-5BB6-406B-88D0-E9D30FDB8843}.AppStore|iPhoneSimulator.ActiveCfg = Release|Any CPU
		{E0CB80F9-5BB6-406B-88D0-E9D30FDB8843}.AppStore|iPhoneSimulator.Build.0 = Release|Any CPU
		{E0CB80F9-5BB6-406B-88D0-E9D30FDB8843}.AppStore|iPhoneSimulator.Deploy.0 = Release|Any CPU
		{E0CB80F9-5BB6-406B-88D0-E9D30FDB8843}.AppStore|x64.ActiveCfg = Release|Any CPU
		{E0CB80F9-5BB6-406B-88D0-E9D30FDB8843}.AppStore|x64.Build.0 = Release|Any CPU
		{E0CB80F9-5BB6-406B-88D0-E9D30FDB8843}.AppStore|x64.Deploy.0 = Release|Any CPU
		{E0CB80F9-5BB6-406B-88D0-E9D30FDB8843}.AppStore|x86.ActiveCfg = Release|Any CPU
		{E0CB80F9-5BB6-406B-88D0-E9D30FDB8843}.AppStore|x86.Build.0 = Release|Any CPU
		{E0CB80F9-5BB6-406B-88D0-E9D30FDB8843}.AppStore|x86.Deploy.0 = Release|Any CPU
		{E0CB80F9-5BB6-406B-88D0-E9D30FDB8843}.Debug|Any CPU.ActiveCfg = Debug|Any CPU
		{E0CB80F9-5BB6-406B-88D0-E9D30FDB8843}.Debug|Any CPU.Build.0 = Debug|Any CPU
		{E0CB80F9-5BB6-406B-88D0-E9D30FDB8843}.Debug|Any CPU.Deploy.0 = Debug|Any CPU
		{E0CB80F9-5BB6-406B-88D0-E9D30FDB8843}.Debug|ARM.ActiveCfg = Debug|Any CPU
		{E0CB80F9-5BB6-406B-88D0-E9D30FDB8843}.Debug|ARM.Build.0 = Debug|Any CPU
		{E0CB80F9-5BB6-406B-88D0-E9D30FDB8843}.Debug|ARM.Deploy.0 = Debug|Any CPU
		{E0CB80F9-5BB6-406B-88D0-E9D30FDB8843}.Debug|iPhone.ActiveCfg = Debug|Any CPU
		{E0CB80F9-5BB6-406B-88D0-E9D30FDB8843}.Debug|iPhone.Build.0 = Debug|Any CPU
		{E0CB80F9-5BB6-406B-88D0-E9D30FDB8843}.Debug|iPhone.Deploy.0 = Debug|Any CPU
		{E0CB80F9-5BB6-406B-88D0-E9D30FDB8843}.Debug|iPhoneSimulator.ActiveCfg = Debug|Any CPU
		{E0CB80F9-5BB6-406B-88D0-E9D30FDB8843}.Debug|iPhoneSimulator.Build.0 = Debug|Any CPU
		{E0CB80F9-5BB6-406B-88D0-E9D30FDB8843}.Debug|iPhoneSimulator.Deploy.0 = Debug|Any CPU
		{E0CB80F9-5BB6-406B-88D0-E9D30FDB8843}.Debug|x64.ActiveCfg = Debug|Any CPU
		{E0CB80F9-5BB6-406B-88D0-E9D30FDB8843}.Debug|x64.Build.0 = Debug|Any CPU
		{E0CB80F9-5BB6-406B-88D0-E9D30FDB8843}.Debug|x64.Deploy.0 = Debug|Any CPU
		{E0CB80F9-5BB6-406B-88D0-E9D30FDB8843}.Debug|x86.ActiveCfg = Debug|Any CPU
		{E0CB80F9-5BB6-406B-88D0-E9D30FDB8843}.Debug|x86.Build.0 = Debug|Any CPU
		{E0CB80F9-5BB6-406B-88D0-E9D30FDB8843}.Debug|x86.Deploy.0 = Debug|Any CPU
		{E0CB80F9-5BB6-406B-88D0-E9D30FDB8843}.Release|Any CPU.ActiveCfg = Release|Any CPU
		{E0CB80F9-5BB6-406B-88D0-E9D30FDB8843}.Release|Any CPU.Build.0 = Release|Any CPU
		{E0CB80F9-5BB6-406B-88D0-E9D30FDB8843}.Release|Any CPU.Deploy.0 = Release|Any CPU
		{E0CB80F9-5BB6-406B-88D0-E9D30FDB8843}.Release|ARM.ActiveCfg = Release|Any CPU
		{E0CB80F9-5BB6-406B-88D0-E9D30FDB8843}.Release|ARM.Build.0 = Release|Any CPU
		{E0CB80F9-5BB6-406B-88D0-E9D30FDB8843}.Release|ARM.Deploy.0 = Release|Any CPU
		{E0CB80F9-5BB6-406B-88D0-E9D30FDB8843}.Release|iPhone.ActiveCfg = Release|Any CPU
		{E0CB80F9-5BB6-406B-88D0-E9D30FDB8843}.Release|iPhone.Build.0 = Release|Any CPU
		{E0CB80F9-5BB6-406B-88D0-E9D30FDB8843}.Release|iPhone.Deploy.0 = Release|Any CPU
		{E0CB80F9-5BB6-406B-88D0-E9D30FDB8843}.Release|iPhoneSimulator.ActiveCfg = Release|Any CPU
		{E0CB80F9-5BB6-406B-88D0-E9D30FDB8843}.Release|iPhoneSimulator.Build.0 = Release|Any CPU
		{E0CB80F9-5BB6-406B-88D0-E9D30FDB8843}.Release|iPhoneSimulator.Deploy.0 = Release|Any CPU
		{E0CB80F9-5BB6-406B-88D0-E9D30FDB8843}.Release|x64.ActiveCfg = Release|Any CPU
		{E0CB80F9-5BB6-406B-88D0-E9D30FDB8843}.Release|x64.Build.0 = Release|Any CPU
		{E0CB80F9-5BB6-406B-88D0-E9D30FDB8843}.Release|x64.Deploy.0 = Release|Any CPU
		{E0CB80F9-5BB6-406B-88D0-E9D30FDB8843}.Release|x86.ActiveCfg = Release|Any CPU
		{E0CB80F9-5BB6-406B-88D0-E9D30FDB8843}.Release|x86.Build.0 = Release|Any CPU
		{E0CB80F9-5BB6-406B-88D0-E9D30FDB8843}.Release|x86.Deploy.0 = Release|Any CPU
		{BCA6D985-9837-4A40-9DAA-978CF7F8CF28}.Ad-Hoc|Any CPU.ActiveCfg = Ad-Hoc|iPhone
		{BCA6D985-9837-4A40-9DAA-978CF7F8CF28}.Ad-Hoc|ARM.ActiveCfg = Ad-Hoc|iPhone
		{BCA6D985-9837-4A40-9DAA-978CF7F8CF28}.Ad-Hoc|iPhone.ActiveCfg = Ad-Hoc|iPhone
		{BCA6D985-9837-4A40-9DAA-978CF7F8CF28}.Ad-Hoc|iPhone.Build.0 = Ad-Hoc|iPhone
		{BCA6D985-9837-4A40-9DAA-978CF7F8CF28}.Ad-Hoc|iPhoneSimulator.ActiveCfg = Ad-Hoc|iPhoneSimulator
		{BCA6D985-9837-4A40-9DAA-978CF7F8CF28}.Ad-Hoc|iPhoneSimulator.Build.0 = Ad-Hoc|iPhoneSimulator
		{BCA6D985-9837-4A40-9DAA-978CF7F8CF28}.Ad-Hoc|x64.ActiveCfg = Ad-Hoc|iPhone
		{BCA6D985-9837-4A40-9DAA-978CF7F8CF28}.Ad-Hoc|x86.ActiveCfg = Ad-Hoc|iPhone
		{BCA6D985-9837-4A40-9DAA-978CF7F8CF28}.AppStore|Any CPU.ActiveCfg = AppStore|iPhone
		{BCA6D985-9837-4A40-9DAA-978CF7F8CF28}.AppStore|ARM.ActiveCfg = AppStore|iPhone
		{BCA6D985-9837-4A40-9DAA-978CF7F8CF28}.AppStore|iPhone.ActiveCfg = AppStore|iPhone
		{BCA6D985-9837-4A40-9DAA-978CF7F8CF28}.AppStore|iPhone.Build.0 = AppStore|iPhone
		{BCA6D985-9837-4A40-9DAA-978CF7F8CF28}.AppStore|iPhoneSimulator.ActiveCfg = AppStore|iPhoneSimulator
		{BCA6D985-9837-4A40-9DAA-978CF7F8CF28}.AppStore|iPhoneSimulator.Build.0 = AppStore|iPhoneSimulator
		{BCA6D985-9837-4A40-9DAA-978CF7F8CF28}.AppStore|x64.ActiveCfg = AppStore|iPhone
		{BCA6D985-9837-4A40-9DAA-978CF7F8CF28}.AppStore|x86.ActiveCfg = AppStore|iPhone
		{BCA6D985-9837-4A40-9DAA-978CF7F8CF28}.Debug|Any CPU.ActiveCfg = Debug|iPhone
		{BCA6D985-9837-4A40-9DAA-978CF7F8CF28}.Debug|ARM.ActiveCfg = Debug|iPhone
		{BCA6D985-9837-4A40-9DAA-978CF7F8CF28}.Debug|iPhone.ActiveCfg = Debug|iPhone
		{BCA6D985-9837-4A40-9DAA-978CF7F8CF28}.Debug|iPhone.Build.0 = Debug|iPhone
		{BCA6D985-9837-4A40-9DAA-978CF7F8CF28}.Debug|iPhoneSimulator.ActiveCfg = Debug|iPhoneSimulator
		{BCA6D985-9837-4A40-9DAA-978CF7F8CF28}.Debug|iPhoneSimulator.Build.0 = Debug|iPhoneSimulator
		{BCA6D985-9837-4A40-9DAA-978CF7F8CF28}.Debug|x64.ActiveCfg = Debug|iPhone
		{BCA6D985-9837-4A40-9DAA-978CF7F8CF28}.Debug|x86.ActiveCfg = Debug|iPhone
		{BCA6D985-9837-4A40-9DAA-978CF7F8CF28}.Release|Any CPU.ActiveCfg = Release|iPhone
		{BCA6D985-9837-4A40-9DAA-978CF7F8CF28}.Release|ARM.ActiveCfg = Release|iPhone
		{BCA6D985-9837-4A40-9DAA-978CF7F8CF28}.Release|iPhone.ActiveCfg = Release|iPhone
		{BCA6D985-9837-4A40-9DAA-978CF7F8CF28}.Release|iPhone.Build.0 = Release|iPhone
		{BCA6D985-9837-4A40-9DAA-978CF7F8CF28}.Release|iPhoneSimulator.ActiveCfg = Release|iPhoneSimulator
		{BCA6D985-9837-4A40-9DAA-978CF7F8CF28}.Release|iPhoneSimulator.Build.0 = Release|iPhoneSimulator
		{BCA6D985-9837-4A40-9DAA-978CF7F8CF28}.Release|x64.ActiveCfg = Release|iPhone
		{BCA6D985-9837-4A40-9DAA-978CF7F8CF28}.Release|x86.ActiveCfg = Release|iPhone
		{F710CF3E-698B-4CFB-A86F-13F0EB3485EA}.Ad-Hoc|Any CPU.ActiveCfg = Release|x86
		{F710CF3E-698B-4CFB-A86F-13F0EB3485EA}.Ad-Hoc|Any CPU.Build.0 = Release|x86
		{F710CF3E-698B-4CFB-A86F-13F0EB3485EA}.Ad-Hoc|Any CPU.Deploy.0 = Release|x86
		{F710CF3E-698B-4CFB-A86F-13F0EB3485EA}.Ad-Hoc|ARM.ActiveCfg = Release|ARM
		{F710CF3E-698B-4CFB-A86F-13F0EB3485EA}.Ad-Hoc|ARM.Build.0 = Release|ARM
		{F710CF3E-698B-4CFB-A86F-13F0EB3485EA}.Ad-Hoc|ARM.Deploy.0 = Release|ARM
		{F710CF3E-698B-4CFB-A86F-13F0EB3485EA}.Ad-Hoc|iPhone.ActiveCfg = Release|x86
		{F710CF3E-698B-4CFB-A86F-13F0EB3485EA}.Ad-Hoc|iPhone.Build.0 = Release|x86
		{F710CF3E-698B-4CFB-A86F-13F0EB3485EA}.Ad-Hoc|iPhone.Deploy.0 = Release|x86
		{F710CF3E-698B-4CFB-A86F-13F0EB3485EA}.Ad-Hoc|iPhoneSimulator.ActiveCfg = Release|x86
		{F710CF3E-698B-4CFB-A86F-13F0EB3485EA}.Ad-Hoc|iPhoneSimulator.Build.0 = Release|x86
		{F710CF3E-698B-4CFB-A86F-13F0EB3485EA}.Ad-Hoc|iPhoneSimulator.Deploy.0 = Release|x86
		{F710CF3E-698B-4CFB-A86F-13F0EB3485EA}.Ad-Hoc|x64.ActiveCfg = Release|x64
		{F710CF3E-698B-4CFB-A86F-13F0EB3485EA}.Ad-Hoc|x64.Build.0 = Release|x64
		{F710CF3E-698B-4CFB-A86F-13F0EB3485EA}.Ad-Hoc|x64.Deploy.0 = Release|x64
		{F710CF3E-698B-4CFB-A86F-13F0EB3485EA}.Ad-Hoc|x86.ActiveCfg = Release|x86
		{F710CF3E-698B-4CFB-A86F-13F0EB3485EA}.Ad-Hoc|x86.Build.0 = Release|x86
		{F710CF3E-698B-4CFB-A86F-13F0EB3485EA}.Ad-Hoc|x86.Deploy.0 = Release|x86
		{F710CF3E-698B-4CFB-A86F-13F0EB3485EA}.AppStore|Any CPU.ActiveCfg = Release|x86
		{F710CF3E-698B-4CFB-A86F-13F0EB3485EA}.AppStore|Any CPU.Build.0 = Release|x86
		{F710CF3E-698B-4CFB-A86F-13F0EB3485EA}.AppStore|Any CPU.Deploy.0 = Release|x86
		{F710CF3E-698B-4CFB-A86F-13F0EB3485EA}.AppStore|ARM.ActiveCfg = Release|ARM
		{F710CF3E-698B-4CFB-A86F-13F0EB3485EA}.AppStore|ARM.Build.0 = Release|ARM
		{F710CF3E-698B-4CFB-A86F-13F0EB3485EA}.AppStore|ARM.Deploy.0 = Release|ARM
		{F710CF3E-698B-4CFB-A86F-13F0EB3485EA}.AppStore|iPhone.ActiveCfg = Release|x86
		{F710CF3E-698B-4CFB-A86F-13F0EB3485EA}.AppStore|iPhone.Build.0 = Release|x86
		{F710CF3E-698B-4CFB-A86F-13F0EB3485EA}.AppStore|iPhone.Deploy.0 = Release|x86
		{F710CF3E-698B-4CFB-A86F-13F0EB3485EA}.AppStore|iPhoneSimulator.ActiveCfg = Release|x86
		{F710CF3E-698B-4CFB-A86F-13F0EB3485EA}.AppStore|iPhoneSimulator.Build.0 = Release|x86
		{F710CF3E-698B-4CFB-A86F-13F0EB3485EA}.AppStore|iPhoneSimulator.Deploy.0 = Release|x86
		{F710CF3E-698B-4CFB-A86F-13F0EB3485EA}.AppStore|x64.ActiveCfg = Release|x64
		{F710CF3E-698B-4CFB-A86F-13F0EB3485EA}.AppStore|x64.Build.0 = Release|x64
		{F710CF3E-698B-4CFB-A86F-13F0EB3485EA}.AppStore|x64.Deploy.0 = Release|x64
		{F710CF3E-698B-4CFB-A86F-13F0EB3485EA}.AppStore|x86.ActiveCfg = Release|x86
		{F710CF3E-698B-4CFB-A86F-13F0EB3485EA}.AppStore|x86.Build.0 = Release|x86
		{F710CF3E-698B-4CFB-A86F-13F0EB3485EA}.AppStore|x86.Deploy.0 = Release|x86
		{F710CF3E-698B-4CFB-A86F-13F0EB3485EA}.Debug|Any CPU.ActiveCfg = Debug|x86
		{F710CF3E-698B-4CFB-A86F-13F0EB3485EA}.Debug|ARM.ActiveCfg = Debug|ARM
		{F710CF3E-698B-4CFB-A86F-13F0EB3485EA}.Debug|ARM.Build.0 = Debug|ARM
		{F710CF3E-698B-4CFB-A86F-13F0EB3485EA}.Debug|ARM.Deploy.0 = Debug|ARM
		{F710CF3E-698B-4CFB-A86F-13F0EB3485EA}.Debug|iPhone.ActiveCfg = Debug|x86
		{F710CF3E-698B-4CFB-A86F-13F0EB3485EA}.Debug|iPhoneSimulator.ActiveCfg = Debug|x86
		{F710CF3E-698B-4CFB-A86F-13F0EB3485EA}.Debug|x64.ActiveCfg = Debug|x64
		{F710CF3E-698B-4CFB-A86F-13F0EB3485EA}.Debug|x64.Build.0 = Debug|x64
		{F710CF3E-698B-4CFB-A86F-13F0EB3485EA}.Debug|x64.Deploy.0 = Debug|x64
		{F710CF3E-698B-4CFB-A86F-13F0EB3485EA}.Debug|x86.ActiveCfg = Debug|x86
		{F710CF3E-698B-4CFB-A86F-13F0EB3485EA}.Debug|x86.Build.0 = Debug|x86
		{F710CF3E-698B-4CFB-A86F-13F0EB3485EA}.Debug|x86.Deploy.0 = Debug|x86
		{F710CF3E-698B-4CFB-A86F-13F0EB3485EA}.Release|Any CPU.ActiveCfg = Release|x86
		{F710CF3E-698B-4CFB-A86F-13F0EB3485EA}.Release|ARM.ActiveCfg = Release|ARM
		{F710CF3E-698B-4CFB-A86F-13F0EB3485EA}.Release|ARM.Build.0 = Release|ARM
		{F710CF3E-698B-4CFB-A86F-13F0EB3485EA}.Release|ARM.Deploy.0 = Release|ARM
		{F710CF3E-698B-4CFB-A86F-13F0EB3485EA}.Release|iPhone.ActiveCfg = Release|x86
		{F710CF3E-698B-4CFB-A86F-13F0EB3485EA}.Release|iPhoneSimulator.ActiveCfg = Release|x86
		{F710CF3E-698B-4CFB-A86F-13F0EB3485EA}.Release|x64.ActiveCfg = Release|x64
		{F710CF3E-698B-4CFB-A86F-13F0EB3485EA}.Release|x64.Build.0 = Release|x64
		{F710CF3E-698B-4CFB-A86F-13F0EB3485EA}.Release|x64.Deploy.0 = Release|x64
		{F710CF3E-698B-4CFB-A86F-13F0EB3485EA}.Release|x86.ActiveCfg = Release|x86
		{F710CF3E-698B-4CFB-A86F-13F0EB3485EA}.Release|x86.Build.0 = Release|x86
		{F710CF3E-698B-4CFB-A86F-13F0EB3485EA}.Release|x86.Deploy.0 = Release|x86
		{BAD2159C-9F98-4D35-9627-B4D7996748E9}.Ad-Hoc|Any CPU.ActiveCfg = Debug|Any CPU
		{BAD2159C-9F98-4D35-9627-B4D7996748E9}.Ad-Hoc|Any CPU.Build.0 = Debug|Any CPU
		{BAD2159C-9F98-4D35-9627-B4D7996748E9}.Ad-Hoc|ARM.ActiveCfg = Debug|Any CPU
		{BAD2159C-9F98-4D35-9627-B4D7996748E9}.Ad-Hoc|ARM.Build.0 = Debug|Any CPU
		{BAD2159C-9F98-4D35-9627-B4D7996748E9}.Ad-Hoc|iPhone.ActiveCfg = Debug|Any CPU
		{BAD2159C-9F98-4D35-9627-B4D7996748E9}.Ad-Hoc|iPhone.Build.0 = Debug|Any CPU
		{BAD2159C-9F98-4D35-9627-B4D7996748E9}.Ad-Hoc|iPhoneSimulator.ActiveCfg = Debug|Any CPU
		{BAD2159C-9F98-4D35-9627-B4D7996748E9}.Ad-Hoc|iPhoneSimulator.Build.0 = Debug|Any CPU
		{BAD2159C-9F98-4D35-9627-B4D7996748E9}.Ad-Hoc|x64.ActiveCfg = Debug|Any CPU
		{BAD2159C-9F98-4D35-9627-B4D7996748E9}.Ad-Hoc|x64.Build.0 = Debug|Any CPU
		{BAD2159C-9F98-4D35-9627-B4D7996748E9}.Ad-Hoc|x86.ActiveCfg = Debug|Any CPU
		{BAD2159C-9F98-4D35-9627-B4D7996748E9}.Ad-Hoc|x86.Build.0 = Debug|Any CPU
		{BAD2159C-9F98-4D35-9627-B4D7996748E9}.AppStore|Any CPU.ActiveCfg = Debug|Any CPU
		{BAD2159C-9F98-4D35-9627-B4D7996748E9}.AppStore|Any CPU.Build.0 = Debug|Any CPU
		{BAD2159C-9F98-4D35-9627-B4D7996748E9}.AppStore|ARM.ActiveCfg = Debug|Any CPU
		{BAD2159C-9F98-4D35-9627-B4D7996748E9}.AppStore|ARM.Build.0 = Debug|Any CPU
		{BAD2159C-9F98-4D35-9627-B4D7996748E9}.AppStore|iPhone.ActiveCfg = Debug|Any CPU
		{BAD2159C-9F98-4D35-9627-B4D7996748E9}.AppStore|iPhone.Build.0 = Debug|Any CPU
		{BAD2159C-9F98-4D35-9627-B4D7996748E9}.AppStore|iPhoneSimulator.ActiveCfg = Debug|Any CPU
		{BAD2159C-9F98-4D35-9627-B4D7996748E9}.AppStore|iPhoneSimulator.Build.0 = Debug|Any CPU
		{BAD2159C-9F98-4D35-9627-B4D7996748E9}.AppStore|x64.ActiveCfg = Debug|Any CPU
		{BAD2159C-9F98-4D35-9627-B4D7996748E9}.AppStore|x64.Build.0 = Debug|Any CPU
		{BAD2159C-9F98-4D35-9627-B4D7996748E9}.AppStore|x86.ActiveCfg = Debug|Any CPU
		{BAD2159C-9F98-4D35-9627-B4D7996748E9}.AppStore|x86.Build.0 = Debug|Any CPU
		{BAD2159C-9F98-4D35-9627-B4D7996748E9}.Debug|Any CPU.ActiveCfg = Debug|Any CPU
		{BAD2159C-9F98-4D35-9627-B4D7996748E9}.Debug|Any CPU.Build.0 = Debug|Any CPU
		{BAD2159C-9F98-4D35-9627-B4D7996748E9}.Debug|ARM.ActiveCfg = Debug|Any CPU
		{BAD2159C-9F98-4D35-9627-B4D7996748E9}.Debug|ARM.Build.0 = Debug|Any CPU
		{BAD2159C-9F98-4D35-9627-B4D7996748E9}.Debug|iPhone.ActiveCfg = Debug|Any CPU
		{BAD2159C-9F98-4D35-9627-B4D7996748E9}.Debug|iPhone.Build.0 = Debug|Any CPU
		{BAD2159C-9F98-4D35-9627-B4D7996748E9}.Debug|iPhoneSimulator.ActiveCfg = Debug|Any CPU
		{BAD2159C-9F98-4D35-9627-B4D7996748E9}.Debug|iPhoneSimulator.Build.0 = Debug|Any CPU
		{BAD2159C-9F98-4D35-9627-B4D7996748E9}.Debug|x64.ActiveCfg = Debug|Any CPU
		{BAD2159C-9F98-4D35-9627-B4D7996748E9}.Debug|x64.Build.0 = Debug|Any CPU
		{BAD2159C-9F98-4D35-9627-B4D7996748E9}.Debug|x86.ActiveCfg = Debug|Any CPU
		{BAD2159C-9F98-4D35-9627-B4D7996748E9}.Debug|x86.Build.0 = Debug|Any CPU
		{BAD2159C-9F98-4D35-9627-B4D7996748E9}.Release|Any CPU.ActiveCfg = Release|Any CPU
		{BAD2159C-9F98-4D35-9627-B4D7996748E9}.Release|Any CPU.Build.0 = Release|Any CPU
		{BAD2159C-9F98-4D35-9627-B4D7996748E9}.Release|ARM.ActiveCfg = Release|Any CPU
		{BAD2159C-9F98-4D35-9627-B4D7996748E9}.Release|ARM.Build.0 = Release|Any CPU
		{BAD2159C-9F98-4D35-9627-B4D7996748E9}.Release|iPhone.ActiveCfg = Release|Any CPU
		{BAD2159C-9F98-4D35-9627-B4D7996748E9}.Release|iPhone.Build.0 = Release|Any CPU
		{BAD2159C-9F98-4D35-9627-B4D7996748E9}.Release|iPhoneSimulator.ActiveCfg = Release|Any CPU
		{BAD2159C-9F98-4D35-9627-B4D7996748E9}.Release|iPhoneSimulator.Build.0 = Release|Any CPU
		{BAD2159C-9F98-4D35-9627-B4D7996748E9}.Release|x64.ActiveCfg = Release|Any CPU
		{BAD2159C-9F98-4D35-9627-B4D7996748E9}.Release|x64.Build.0 = Release|Any CPU
		{BAD2159C-9F98-4D35-9627-B4D7996748E9}.Release|x86.ActiveCfg = Release|Any CPU
		{BAD2159C-9F98-4D35-9627-B4D7996748E9}.Release|x86.Build.0 = Release|Any CPU
	EndGlobalSection
	GlobalSection(SolutionProperties) = preSolution
		HideSolutionNode = FALSE
	EndGlobalSection
	GlobalSection(ExtensibilityGlobals) = postSolution
		SolutionGuid = {39F07351-B151-4A1C-88E7-F2400D55BD9F}
	EndGlobalSection
EndGlobal
